
Microsoft Visual Studio Solution File, Format Version 12.00
# Visual Studio 14
VisualStudioVersion = 14.0.25123.0
MinimumVisualStudioVersion = 10.0.40219.1
Project("{2150E333-8FDC-42A3-9474-1A3956D46DE8}") = "Tests", "Tests", "{EAD448DC-3B01-425B-862C-05D3B30FDDD1}"
EndProject
Project("{FAE04EC0-301F-11D3-BF4B-00C04F79EFBC}") = "Santase.Logic.Tests", "Tests\Santase.Logic.Tests\Santase.Logic.Tests.csproj", "{E5F1BEA5-92A9-447E-9EC4-980F5D75BB80}"
EndProject
Project("{2150E333-8FDC-42A3-9474-1A3956D46DE8}") = "AI", "AI", "{2985437A-F7EF-4113-ACC2-91346A4F65CF}"
EndProject
Project("{2150E333-8FDC-42A3-9474-1A3956D46DE8}") = "UI", "UI", "{2DE5F77F-C30E-4EA1-8ED7-F66B85071BCF}"
EndProject
Project("{FAE04EC0-301F-11D3-BF4B-00C04F79EFBC}") = "Santase.Tests.GameSimulations", "Tests\Santase.Tests.GameSimulations\Santase.Tests.GameSimulations.csproj", "{6217B59D-E7EC-4918-BEAA-9CA3458E5B0C}"
EndProject
Project("{FAE04EC0-301F-11D3-BF4B-00C04F79EFBC}") = "Santase.Logic", "Santase.Logic\Santase.Logic.csproj", "{C82BEBF4-ED79-48FB-A2AB-4E0D1767B95F}"
EndProject
Project("{FAE04EC0-301F-11D3-BF4B-00C04F79EFBC}") = "Santase.AI.DummyPlayer", "AI\Santase.AI.DummyPlayer\Santase.AI.DummyPlayer.csproj", "{CC90F6AA-0308-4CF0-95B4-F61B895B62EB}"
EndProject
Project("{FAE04EC0-301F-11D3-BF4B-00C04F79EFBC}") = "Santase.AI.SmartPlayer", "AI\Santase.AI.SmartPlayer\Santase.AI.SmartPlayer.csproj", "{D58BCB77-06D8-4AF0-9F9C-13197475DEB2}"
EndProject
Project("{FAE04EC0-301F-11D3-BF4B-00C04F79EFBC}") = "Santase.UI.Console", "UI\Santase.UI.Console\Santase.UI.Console.csproj", "{538FD022-612F-4FBB-97A8-42C3DD26D4CE}"
EndProject
Project("{FAE04EC0-301F-11D3-BF4B-00C04F79EFBC}") = "Santase.UI.WindowsUniversal", "UI\Santase.UI.WindowsUniversal\Santase.UI.WindowsUniversal.csproj", "{62C95D93-1E97-41BF-954D-A3F22DC6C661}"
EndProject
Project("{FAE04EC0-301F-11D3-BF4B-00C04F79EFBC}") = "Santase.AI.SmartPlayer.Tests", "Tests\Santase.AI.SmartPlayer.Tests\Santase.AI.SmartPlayer.Tests.csproj", "{3E61F8D1-49F1-4FC5-A361-E1870C8CCAB2}"
EndProject
Project("{2150E333-8FDC-42A3-9474-1A3956D46DE8}") = "External", "External", "{00A4A812-873D-499A-AEDC-ED96FA3FB9E6}"
	ProjectSection(SolutionItems) = preProject
		AI\External\Santase.AI.BotskoPlayer.dll = AI\External\Santase.AI.BotskoPlayer.dll
		AI\External\Santase.AI.ProPlayer.dll = AI\External\Santase.AI.ProPlayer.dll
	EndProjectSection
EndProject
Global
	GlobalSection(SolutionConfigurationPlatforms) = preSolution
		Debug|Any CPU = Debug|Any CPU
		Debug|ARM = Debug|ARM
		Debug|x64 = Debug|x64
		Debug|x86 = Debug|x86
		Release|Any CPU = Release|Any CPU
		Release|ARM = Release|ARM
		Release|x64 = Release|x64
		Release|x86 = Release|x86
	EndGlobalSection
	GlobalSection(ProjectConfigurationPlatforms) = postSolution
		{E5F1BEA5-92A9-447E-9EC4-980F5D75BB80}.Debug|Any CPU.ActiveCfg = Debug|Any CPU
		{E5F1BEA5-92A9-447E-9EC4-980F5D75BB80}.Debug|Any CPU.Build.0 = Debug|Any CPU
		{E5F1BEA5-92A9-447E-9EC4-980F5D75BB80}.Debug|ARM.ActiveCfg = Debug|Any CPU
		{E5F1BEA5-92A9-447E-9EC4-980F5D75BB80}.Debug|ARM.Build.0 = Debug|Any CPU
		{E5F1BEA5-92A9-447E-9EC4-980F5D75BB80}.Debug|x64.ActiveCfg = Debug|Any CPU
		{E5F1BEA5-92A9-447E-9EC4-980F5D75BB80}.Debug|x64.Build.0 = Debug|Any CPU
		{E5F1BEA5-92A9-447E-9EC4-980F5D75BB80}.Debug|x86.ActiveCfg = Debug|Any CPU
		{E5F1BEA5-92A9-447E-9EC4-980F5D75BB80}.Debug|x86.Build.0 = Debug|Any CPU
		{E5F1BEA5-92A9-447E-9EC4-980F5D75BB80}.Release|Any CPU.ActiveCfg = Release|Any CPU
		{E5F1BEA5-92A9-447E-9EC4-980F5D75BB80}.Release|Any CPU.Build.0 = Release|Any CPU
		{E5F1BEA5-92A9-447E-9EC4-980F5D75BB80}.Release|ARM.ActiveCfg = Release|Any CPU
		{E5F1BEA5-92A9-447E-9EC4-980F5D75BB80}.Release|ARM.Build.0 = Release|Any CPU
		{E5F1BEA5-92A9-447E-9EC4-980F5D75BB80}.Release|x64.ActiveCfg = Release|Any CPU
		{E5F1BEA5-92A9-447E-9EC4-980F5D75BB80}.Release|x64.Build.0 = Release|Any CPU
		{E5F1BEA5-92A9-447E-9EC4-980F5D75BB80}.Release|x86.ActiveCfg = Release|Any CPU
		{E5F1BEA5-92A9-447E-9EC4-980F5D75BB80}.Release|x86.Build.0 = Release|Any CPU
		{6217B59D-E7EC-4918-BEAA-9CA3458E5B0C}.Debug|Any CPU.ActiveCfg = Debug|Any CPU
		{6217B59D-E7EC-4918-BEAA-9CA3458E5B0C}.Debug|Any CPU.Build.0 = Debug|Any CPU
		{6217B59D-E7EC-4918-BEAA-9CA3458E5B0C}.Debug|ARM.ActiveCfg = Debug|Any CPU
		{6217B59D-E7EC-4918-BEAA-9CA3458E5B0C}.Debug|ARM.Build.0 = Debug|Any CPU
		{6217B59D-E7EC-4918-BEAA-9CA3458E5B0C}.Debug|x64.ActiveCfg = Debug|Any CPU
		{6217B59D-E7EC-4918-BEAA-9CA3458E5B0C}.Debug|x64.Build.0 = Debug|Any CPU
		{6217B59D-E7EC-4918-BEAA-9CA3458E5B0C}.Debug|x86.ActiveCfg = Debug|Any CPU
		{6217B59D-E7EC-4918-BEAA-9CA3458E5B0C}.Debug|x86.Build.0 = Debug|Any CPU
		{6217B59D-E7EC-4918-BEAA-9CA3458E5B0C}.Release|Any CPU.ActiveCfg = Release|Any CPU
		{6217B59D-E7EC-4918-BEAA-9CA3458E5B0C}.Release|Any CPU.Build.0 = Release|Any CPU
		{6217B59D-E7EC-4918-BEAA-9CA3458E5B0C}.Release|ARM.ActiveCfg = Release|Any CPU
		{6217B59D-E7EC-4918-BEAA-9CA3458E5B0C}.Release|ARM.Build.0 = Release|Any CPU
		{6217B59D-E7EC-4918-BEAA-9CA3458E5B0C}.Release|x64.ActiveCfg = Release|Any CPU
		{6217B59D-E7EC-4918-BEAA-9CA3458E5B0C}.Release|x64.Build.0 = Release|Any CPU
		{6217B59D-E7EC-4918-BEAA-9CA3458E5B0C}.Release|x86.ActiveCfg = Release|Any CPU
		{6217B59D-E7EC-4918-BEAA-9CA3458E5B0C}.Release|x86.Build.0 = Release|Any CPU
		{C82BEBF4-ED79-48FB-A2AB-4E0D1767B95F}.Debug|Any CPU.ActiveCfg = Debug|Any CPU
		{C82BEBF4-ED79-48FB-A2AB-4E0D1767B95F}.Debug|Any CPU.Build.0 = Debug|Any CPU
		{C82BEBF4-ED79-48FB-A2AB-4E0D1767B95F}.Debug|ARM.ActiveCfg = Debug|Any CPU
		{C82BEBF4-ED79-48FB-A2AB-4E0D1767B95F}.Debug|ARM.Build.0 = Debug|Any CPU
		{C82BEBF4-ED79-48FB-A2AB-4E0D1767B95F}.Debug|x64.ActiveCfg = Debug|Any CPU
		{C82BEBF4-ED79-48FB-A2AB-4E0D1767B95F}.Debug|x64.Build.0 = Debug|Any CPU
		{C82BEBF4-ED79-48FB-A2AB-4E0D1767B95F}.Debug|x86.ActiveCfg = Debug|Any CPU
		{C82BEBF4-ED79-48FB-A2AB-4E0D1767B95F}.Debug|x86.Build.0 = Debug|Any CPU
		{C82BEBF4-ED79-48FB-A2AB-4E0D1767B95F}.Release|Any CPU.ActiveCfg = Release|Any CPU
		{C82BEBF4-ED79-48FB-A2AB-4E0D1767B95F}.Release|Any CPU.Build.0 = Release|Any CPU
		{C82BEBF4-ED79-48FB-A2AB-4E0D1767B95F}.Release|ARM.ActiveCfg = Release|Any CPU
		{C82BEBF4-ED79-48FB-A2AB-4E0D1767B95F}.Release|ARM.Build.0 = Release|Any CPU
		{C82BEBF4-ED79-48FB-A2AB-4E0D1767B95F}.Release|x64.ActiveCfg = Release|Any CPU
		{C82BEBF4-ED79-48FB-A2AB-4E0D1767B95F}.Release|x64.Build.0 = Release|Any CPU
		{C82BEBF4-ED79-48FB-A2AB-4E0D1767B95F}.Release|x86.ActiveCfg = Release|Any CPU
		{C82BEBF4-ED79-48FB-A2AB-4E0D1767B95F}.Release|x86.Build.0 = Release|Any CPU
		{CC90F6AA-0308-4CF0-95B4-F61B895B62EB}.Debug|Any CPU.ActiveCfg = Debug|Any CPU
		{CC90F6AA-0308-4CF0-95B4-F61B895B62EB}.Debug|Any CPU.Build.0 = Debug|Any CPU
		{CC90F6AA-0308-4CF0-95B4-F61B895B62EB}.Debug|ARM.ActiveCfg = Debug|Any CPU
		{CC90F6AA-0308-4CF0-95B4-F61B895B62EB}.Debug|ARM.Build.0 = Debug|Any CPU
		{CC90F6AA-0308-4CF0-95B4-F61B895B62EB}.Debug|x64.ActiveCfg = Debug|Any CPU
		{CC90F6AA-0308-4CF0-95B4-F61B895B62EB}.Debug|x64.Build.0 = Debug|Any CPU
		{CC90F6AA-0308-4CF0-95B4-F61B895B62EB}.Debug|x86.ActiveCfg = Debug|Any CPU
		{CC90F6AA-0308-4CF0-95B4-F61B895B62EB}.Debug|x86.Build.0 = Debug|Any CPU
		{CC90F6AA-0308-4CF0-95B4-F61B895B62EB}.Release|Any CPU.ActiveCfg = Release|Any CPU
		{CC90F6AA-0308-4CF0-95B4-F61B895B62EB}.Release|Any CPU.Build.0 = Release|Any CPU
		{CC90F6AA-0308-4CF0-95B4-F61B895B62EB}.Release|ARM.ActiveCfg = Release|Any CPU
		{CC90F6AA-0308-4CF0-95B4-F61B895B62EB}.Release|ARM.Build.0 = Release|Any CPU
		{CC90F6AA-0308-4CF0-95B4-F61B895B62EB}.Release|x64.ActiveCfg = Release|Any CPU
		{CC90F6AA-0308-4CF0-95B4-F61B895B62EB}.Release|x64.Build.0 = Release|Any CPU
		{CC90F6AA-0308-4CF0-95B4-F61B895B62EB}.Release|x86.ActiveCfg = Release|Any CPU
		{CC90F6AA-0308-4CF0-95B4-F61B895B62EB}.Release|x86.Build.0 = Release|Any CPU
		{D58BCB77-06D8-4AF0-9F9C-13197475DEB2}.Debug|Any CPU.ActiveCfg = Debug|Any CPU
		{D58BCB77-06D8-4AF0-9F9C-13197475DEB2}.Debug|Any CPU.Build.0 = Debug|Any CPU
		{D58BCB77-06D8-4AF0-9F9C-13197475DEB2}.Debug|ARM.ActiveCfg = Debug|Any CPU
		{D58BCB77-06D8-4AF0-9F9C-13197475DEB2}.Debug|ARM.Build.0 = Debug|Any CPU
		{D58BCB77-06D8-4AF0-9F9C-13197475DEB2}.Debug|x64.ActiveCfg = Debug|Any CPU
		{D58BCB77-06D8-4AF0-9F9C-13197475DEB2}.Debug|x64.Build.0 = Debug|Any CPU
		{D58BCB77-06D8-4AF0-9F9C-13197475DEB2}.Debug|x86.ActiveCfg = Debug|Any CPU
		{D58BCB77-06D8-4AF0-9F9C-13197475DEB2}.Debug|x86.Build.0 = Debug|Any CPU
		{D58BCB77-06D8-4AF0-9F9C-13197475DEB2}.Release|Any CPU.ActiveCfg = Release|Any CPU
		{D58BCB77-06D8-4AF0-9F9C-13197475DEB2}.Release|Any CPU.Build.0 = Release|Any CPU
		{D58BCB77-06D8-4AF0-9F9C-13197475DEB2}.Release|ARM.ActiveCfg = Release|Any CPU
		{D58BCB77-06D8-4AF0-9F9C-13197475DEB2}.Release|ARM.Build.0 = Release|Any CPU
		{D58BCB77-06D8-4AF0-9F9C-13197475DEB2}.Release|x64.ActiveCfg = Release|Any CPU
		{D58BCB77-06D8-4AF0-9F9C-13197475DEB2}.Release|x64.Build.0 = Release|Any CPU
		{D58BCB77-06D8-4AF0-9F9C-13197475DEB2}.Release|x86.ActiveCfg = Release|Any CPU
		{D58BCB77-06D8-4AF0-9F9C-13197475DEB2}.Release|x86.Build.0 = Release|Any CPU
		{538FD022-612F-4FBB-97A8-42C3DD26D4CE}.Debug|Any CPU.ActiveCfg = Debug|Any CPU
		{538FD022-612F-4FBB-97A8-42C3DD26D4CE}.Debug|Any CPU.Build.0 = Debug|Any CPU
		{538FD022-612F-4FBB-97A8-42C3DD26D4CE}.Debug|ARM.ActiveCfg = Debug|Any CPU
		{538FD022-612F-4FBB-97A8-42C3DD26D4CE}.Debug|ARM.Build.0 = Debug|Any CPU
		{538FD022-612F-4FBB-97A8-42C3DD26D4CE}.Debug|x64.ActiveCfg = Debug|Any CPU
		{538FD022-612F-4FBB-97A8-42C3DD26D4CE}.Debug|x64.Build.0 = Debug|Any CPU
		{538FD022-612F-4FBB-97A8-42C3DD26D4CE}.Debug|x86.ActiveCfg = Debug|Any CPU
		{538FD022-612F-4FBB-97A8-42C3DD26D4CE}.Debug|x86.Build.0 = Debug|Any CPU
		{538FD022-612F-4FBB-97A8-42C3DD26D4CE}.Release|Any CPU.ActiveCfg = Release|Any CPU
		{538FD022-612F-4FBB-97A8-42C3DD26D4CE}.Release|Any CPU.Build.0 = Release|Any CPU
		{538FD022-612F-4FBB-97A8-42C3DD26D4CE}.Release|ARM.ActiveCfg = Release|Any CPU
		{538FD022-612F-4FBB-97A8-42C3DD26D4CE}.Release|ARM.Build.0 = Release|Any CPU
		{538FD022-612F-4FBB-97A8-42C3DD26D4CE}.Release|x64.ActiveCfg = Release|Any CPU
		{538FD022-612F-4FBB-97A8-42C3DD26D4CE}.Release|x64.Build.0 = Release|Any CPU
		{538FD022-612F-4FBB-97A8-42C3DD26D4CE}.Release|x86.ActiveCfg = Release|Any CPU
		{538FD022-612F-4FBB-97A8-42C3DD26D4CE}.Release|x86.Build.0 = Release|Any CPU
		{62C95D93-1E97-41BF-954D-A3F22DC6C661}.Debug|Any CPU.ActiveCfg = Debug|x86
		{62C95D93-1E97-41BF-954D-A3F22DC6C661}.Debug|Any CPU.Build.0 = Debug|x86
		{62C95D93-1E97-41BF-954D-A3F22DC6C661}.Debug|Any CPU.Deploy.0 = Debug|x86
		{62C95D93-1E97-41BF-954D-A3F22DC6C661}.Debug|ARM.ActiveCfg = Debug|ARM
		{62C95D93-1E97-41BF-954D-A3F22DC6C661}.Debug|ARM.Build.0 = Debug|ARM
		{62C95D93-1E97-41BF-954D-A3F22DC6C661}.Debug|ARM.Deploy.0 = Debug|ARM
		{62C95D93-1E97-41BF-954D-A3F22DC6C661}.Debug|x64.ActiveCfg = Debug|x64
		{62C95D93-1E97-41BF-954D-A3F22DC6C661}.Debug|x64.Build.0 = Debug|x64
		{62C95D93-1E97-41BF-954D-A3F22DC6C661}.Debug|x64.Deploy.0 = Debug|x64
		{62C95D93-1E97-41BF-954D-A3F22DC6C661}.Debug|x86.ActiveCfg = Debug|x86
		{62C95D93-1E97-41BF-954D-A3F22DC6C661}.Debug|x86.Build.0 = Debug|x86
		{62C95D93-1E97-41BF-954D-A3F22DC6C661}.Debug|x86.Deploy.0 = Debug|x86
		{62C95D93-1E97-41BF-954D-A3F22DC6C661}.Release|Any CPU.ActiveCfg = Release|x86
		{62C95D93-1E97-41BF-954D-A3F22DC6C661}.Release|Any CPU.Build.0 = Release|x86
		{62C95D93-1E97-41BF-954D-A3F22DC6C661}.Release|Any CPU.Deploy.0 = Release|x86
		{62C95D93-1E97-41BF-954D-A3F22DC6C661}.Release|ARM.ActiveCfg = Release|ARM
		{62C95D93-1E97-41BF-954D-A3F22DC6C661}.Release|ARM.Build.0 = Release|ARM
		{62C95D93-1E97-41BF-954D-A3F22DC6C661}.Release|ARM.Deploy.0 = Release|ARM
		{62C95D93-1E97-41BF-954D-A3F22DC6C661}.Release|x64.ActiveCfg = Release|x64
		{62C95D93-1E97-41BF-954D-A3F22DC6C661}.Release|x64.Build.0 = Release|x64
		{62C95D93-1E97-41BF-954D-A3F22DC6C661}.Release|x64.Deploy.0 = Release|x64
		{62C95D93-1E97-41BF-954D-A3F22DC6C661}.Release|x86.ActiveCfg = Release|x86
		{62C95D93-1E97-41BF-954D-A3F22DC6C661}.Release|x86.Build.0 = Release|x86
		{62C95D93-1E97-41BF-954D-A3F22DC6C661}.Release|x86.Deploy.0 = Release|x86
		{3E61F8D1-49F1-4FC5-A361-E1870C8CCAB2}.Debug|Any CPU.ActiveCfg = Debug|Any CPU
		{3E61F8D1-49F1-4FC5-A361-E1870C8CCAB2}.Debug|Any CPU.Build.0 = Debug|Any CPU
		{3E61F8D1-49F1-4FC5-A361-E1870C8CCAB2}.Debug|ARM.ActiveCfg = Debug|Any CPU
		{3E61F8D1-49F1-4FC5-A361-E1870C8CCAB2}.Debug|ARM.Build.0 = Debug|Any CPU
		{3E61F8D1-49F1-4FC5-A361-E1870C8CCAB2}.Debug|x64.ActiveCfg = Debug|Any CPU
		{3E61F8D1-49F1-4FC5-A361-E1870C8CCAB2}.Debug|x64.Build.0 = Debug|Any CPU
		{3E61F8D1-49F1-4FC5-A361-E1870C8CCAB2}.Debug|x86.ActiveCfg = Debug|Any CPU
		{3E61F8D1-49F1-4FC5-A361-E1870C8CCAB2}.Debug|x86.Build.0 = Debug|Any CPU
		{3E61F8D1-49F1-4FC5-A361-E1870C8CCAB2}.Release|Any CPU.ActiveCfg = Release|Any CPU
		{3E61F8D1-49F1-4FC5-A361-E1870C8CCAB2}.Release|Any CPU.Build.0 = Release|Any CPU
		{3E61F8D1-49F1-4FC5-A361-E1870C8CCAB2}.Release|ARM.ActiveCfg = Release|Any CPU
		{3E61F8D1-49F1-4FC5-A361-E1870C8CCAB2}.Release|ARM.Build.0 = Release|Any CPU
		{3E61F8D1-49F1-4FC5-A361-E1870C8CCAB2}.Release|x64.ActiveCfg = Release|Any CPU
		{3E61F8D1-49F1-4FC5-A361-E1870C8CCAB2}.Release|x64.Build.0 = Release|Any CPU
		{3E61F8D1-49F1-4FC5-A361-E1870C8CCAB2}.Release|x86.ActiveCfg = Release|Any CPU
		{3E61F8D1-49F1-4FC5-A361-E1870C8CCAB2}.Release|x86.Build.0 = Release|Any CPU
	EndGlobalSection
	GlobalSection(SolutionProperties) = preSolution
		HideSolutionNode = FALSE
	EndGlobalSection
	GlobalSection(NestedProjects) = preSolution
		{E5F1BEA5-92A9-447E-9EC4-980F5D75BB80} = {EAD448DC-3B01-425B-862C-05D3B30FDDD1}
		{6217B59D-E7EC-4918-BEAA-9CA3458E5B0C} = {EAD448DC-3B01-425B-862C-05D3B30FDDD1}
		{CC90F6AA-0308-4CF0-95B4-F61B895B62EB} = {2985437A-F7EF-4113-ACC2-91346A4F65CF}
		{D58BCB77-06D8-4AF0-9F9C-13197475DEB2} = {2985437A-F7EF-4113-ACC2-91346A4F65CF}
		{538FD022-612F-4FBB-97A8-42C3DD26D4CE} = {2DE5F77F-C30E-4EA1-8ED7-F66B85071BCF}
		{62C95D93-1E97-41BF-954D-A3F22DC6C661} = {2DE5F77F-C30E-4EA1-8ED7-F66B85071BCF}
		{3E61F8D1-49F1-4FC5-A361-E1870C8CCAB2} = {EAD448DC-3B01-425B-862C-05D3B30FDDD1}
		{00A4A812-873D-499A-AEDC-ED96FA3FB9E6} = {2985437A-F7EF-4113-ACC2-91346A4F65CF}
	EndGlobalSection
EndGlobal
