
Microsoft Visual Studio Solution File, Format Version 12.00
# Visual Studio 15
VisualStudioVersion = 15.0.27130.2026
MinimumVisualStudioVersion = 10.0.40219.1
Project("{2150E333-8FDC-42A3-9474-1A3956D46DE8}") = "Tests", "Tests", "{EAD448DC-3B01-425B-862C-05D3B30FDDD1}"
EndProject
Project("{2150E333-8FDC-42A3-9474-1A3956D46DE8}") = "AI", "AI", "{2985437A-F7EF-4113-ACC2-91346A4F65CF}"
EndProject
Project("{2150E333-8FDC-42A3-9474-1A3956D46DE8}") = "UI", "UI", "{2DE5F77F-C30E-4EA1-8ED7-F66B85071BCF}"
EndProject
Project("{FAE04EC0-301F-11D3-BF4B-00C04F79EFBC}") = "Santase.UI.WindowsUniversal", "UI\Santase.UI.WindowsUniversal\Santase.UI.WindowsUniversal.csproj", "{62C95D93-1E97-41BF-954D-A3F22DC6C661}"
EndProject
Project("{2150E333-8FDC-42A3-9474-1A3956D46DE8}") = "External", "External", "{00A4A812-873D-499A-AEDC-ED96FA3FB9E6}"
	ProjectSection(SolutionItems) = preProject
		AI\External\Santase.AI.BotskoPlayer.dll = AI\External\Santase.AI.BotskoPlayer.dll
		AI\External\Santase.AI.ProPlayer.dll = AI\External\Santase.AI.ProPlayer.dll
	EndProjectSection
EndProject
Project("{9A19103F-16F7-4668-BE54-9A1E7A4F7556}") = "Santase.AI.DummyPlayer", "AI\Santase.AI.DummyPlayer\Santase.AI.DummyPlayer.csproj", "{E4CBEA8E-3547-4814-BF0B-5174B8A8487F}"
EndProject
Project("{9A19103F-16F7-4668-BE54-9A1E7A4F7556}") = "Santase.Logic", "Santase.Logic\Santase.Logic.csproj", "{5EA94E50-D501-49D5-A01C-79836037EC86}"
EndProject
Project("{9A19103F-16F7-4668-BE54-9A1E7A4F7556}") = "Santase.AI.SmartPlayer", "AI\Santase.AI.SmartPlayer\Santase.AI.SmartPlayer.csproj", "{DEF6678C-BE2D-4962-826F-AC27F39AA6CD}"
EndProject
Project("{9A19103F-16F7-4668-BE54-9A1E7A4F7556}") = "Santase.AI.SmartPlayer.Tests", "Tests\Santase.AI.SmartPlayer.Tests\Santase.AI.SmartPlayer.Tests.csproj", "{1DA108F4-92CD-4309-84C9-AF550DF056E6}"
EndProject
Project("{9A19103F-16F7-4668-BE54-9A1E7A4F7556}") = "Santase.Logic.Tests", "Tests\Santase.Logic.Tests\Santase.Logic.Tests.csproj", "{490EA22A-F8D3-4BAE-BD82-F099DB90E557}"
EndProject
Project("{9A19103F-16F7-4668-BE54-9A1E7A4F7556}") = "Santase.Tests.GameSimulations", "Tests\Santase.Tests.GameSimulations\Santase.Tests.GameSimulations.csproj", "{2883F50A-D2B5-4D12-8B16-B7ECE4E7D562}"
EndProject
Project("{FAE04EC0-301F-11D3-BF4B-00C04F79EFBC}") = "Santase.UI.Console", "UI\Santase.UI.Console\Santase.UI.Console.csproj", "{84F01228-B59B-4AB6-A699-9FAD66D90951}"
EndProject
Global
	GlobalSection(SolutionConfigurationPlatforms) = preSolution
		Debug|Any CPU = Debug|Any CPU
		Debug|ARM = Debug|ARM
		Debug|x64 = Debug|x64
		Debug|x86 = Debug|x86
		Release|Any CPU = Release|Any CPU
		Release|ARM = Release|ARM
		Release|x64 = Release|x64
		Release|x86 = Release|x86
	EndGlobalSection
	GlobalSection(ProjectConfigurationPlatforms) = postSolution
		{62C95D93-1E97-41BF-954D-A3F22DC6C661}.Debug|Any CPU.ActiveCfg = Debug|x86
		{62C95D93-1E97-41BF-954D-A3F22DC6C661}.Debug|Any CPU.Build.0 = Debug|x86
		{62C95D93-1E97-41BF-954D-A3F22DC6C661}.Debug|Any CPU.Deploy.0 = Debug|x86
		{62C95D93-1E97-41BF-954D-A3F22DC6C661}.Debug|ARM.ActiveCfg = Debug|ARM
		{62C95D93-1E97-41BF-954D-A3F22DC6C661}.Debug|ARM.Build.0 = Debug|ARM
		{62C95D93-1E97-41BF-954D-A3F22DC6C661}.Debug|ARM.Deploy.0 = Debug|ARM
		{62C95D93-1E97-41BF-954D-A3F22DC6C661}.Debug|x64.ActiveCfg = Debug|x64
		{62C95D93-1E97-41BF-954D-A3F22DC6C661}.Debug|x64.Build.0 = Debug|x64
		{62C95D93-1E97-41BF-954D-A3F22DC6C661}.Debug|x64.Deploy.0 = Debug|x64
		{62C95D93-1E97-41BF-954D-A3F22DC6C661}.Debug|x86.ActiveCfg = Debug|x86
		{62C95D93-1E97-41BF-954D-A3F22DC6C661}.Debug|x86.Build.0 = Debug|x86
		{62C95D93-1E97-41BF-954D-A3F22DC6C661}.Debug|x86.Deploy.0 = Debug|x86
		{62C95D93-1E97-41BF-954D-A3F22DC6C661}.Release|Any CPU.ActiveCfg = Release|x86
		{62C95D93-1E97-41BF-954D-A3F22DC6C661}.Release|Any CPU.Build.0 = Release|x86
		{62C95D93-1E97-41BF-954D-A3F22DC6C661}.Release|Any CPU.Deploy.0 = Release|x86
		{62C95D93-1E97-41BF-954D-A3F22DC6C661}.Release|ARM.ActiveCfg = Release|ARM
		{62C95D93-1E97-41BF-954D-A3F22DC6C661}.Release|ARM.Build.0 = Release|ARM
		{62C95D93-1E97-41BF-954D-A3F22DC6C661}.Release|ARM.Deploy.0 = Release|ARM
		{62C95D93-1E97-41BF-954D-A3F22DC6C661}.Release|x64.ActiveCfg = Release|x64
		{62C95D93-1E97-41BF-954D-A3F22DC6C661}.Release|x64.Build.0 = Release|x64
		{62C95D93-1E97-41BF-954D-A3F22DC6C661}.Release|x64.Deploy.0 = Release|x64
		{62C95D93-1E97-41BF-954D-A3F22DC6C661}.Release|x86.ActiveCfg = Release|x86
		{62C95D93-1E97-41BF-954D-A3F22DC6C661}.Release|x86.Build.0 = Release|x86
		{62C95D93-1E97-41BF-954D-A3F22DC6C661}.Release|x86.Deploy.0 = Release|x86
		{E4CBEA8E-3547-4814-BF0B-5174B8A8487F}.Debug|Any CPU.ActiveCfg = Debug|Any CPU
		{E4CBEA8E-3547-4814-BF0B-5174B8A8487F}.Debug|Any CPU.Build.0 = Debug|Any CPU
		{E4CBEA8E-3547-4814-BF0B-5174B8A8487F}.Debug|ARM.ActiveCfg = Debug|Any CPU
		{E4CBEA8E-3547-4814-BF0B-5174B8A8487F}.Debug|ARM.Build.0 = Debug|Any CPU
		{E4CBEA8E-3547-4814-BF0B-5174B8A8487F}.Debug|x64.ActiveCfg = Debug|Any CPU
		{E4CBEA8E-3547-4814-BF0B-5174B8A8487F}.Debug|x64.Build.0 = Debug|Any CPU
		{E4CBEA8E-3547-4814-BF0B-5174B8A8487F}.Debug|x86.ActiveCfg = Debug|Any CPU
		{E4CBEA8E-3547-4814-BF0B-5174B8A8487F}.Debug|x86.Build.0 = Debug|Any CPU
		{E4CBEA8E-3547-4814-BF0B-5174B8A8487F}.Release|Any CPU.ActiveCfg = Release|Any CPU
		{E4CBEA8E-3547-4814-BF0B-5174B8A8487F}.Release|Any CPU.Build.0 = Release|Any CPU
		{E4CBEA8E-3547-4814-BF0B-5174B8A8487F}.Release|ARM.ActiveCfg = Release|Any CPU
		{E4CBEA8E-3547-4814-BF0B-5174B8A8487F}.Release|ARM.Build.0 = Release|Any CPU
		{E4CBEA8E-3547-4814-BF0B-5174B8A8487F}.Release|x64.ActiveCfg = Release|Any CPU
		{E4CBEA8E-3547-4814-BF0B-5174B8A8487F}.Release|x64.Build.0 = Release|Any CPU
		{E4CBEA8E-3547-4814-BF0B-5174B8A8487F}.Release|x86.ActiveCfg = Release|Any CPU
		{E4CBEA8E-3547-4814-BF0B-5174B8A8487F}.Release|x86.Build.0 = Release|Any CPU
		{5EA94E50-D501-49D5-A01C-79836037EC86}.Debug|Any CPU.ActiveCfg = Debug|Any CPU
		{5EA94E50-D501-49D5-A01C-79836037EC86}.Debug|Any CPU.Build.0 = Debug|Any CPU
		{5EA94E50-D501-49D5-A01C-79836037EC86}.Debug|ARM.ActiveCfg = Debug|Any CPU
		{5EA94E50-D501-49D5-A01C-79836037EC86}.Debug|ARM.Build.0 = Debug|Any CPU
		{5EA94E50-D501-49D5-A01C-79836037EC86}.Debug|x64.ActiveCfg = Debug|Any CPU
		{5EA94E50-D501-49D5-A01C-79836037EC86}.Debug|x64.Build.0 = Debug|Any CPU
		{5EA94E50-D501-49D5-A01C-79836037EC86}.Debug|x86.ActiveCfg = Debug|Any CPU
		{5EA94E50-D501-49D5-A01C-79836037EC86}.Debug|x86.Build.0 = Debug|Any CPU
		{5EA94E50-D501-49D5-A01C-79836037EC86}.Release|Any CPU.ActiveCfg = Release|Any CPU
		{5EA94E50-D501-49D5-A01C-79836037EC86}.Release|Any CPU.Build.0 = Release|Any CPU
		{5EA94E50-D501-49D5-A01C-79836037EC86}.Release|ARM.ActiveCfg = Release|Any CPU
		{5EA94E50-D501-49D5-A01C-79836037EC86}.Release|ARM.Build.0 = Release|Any CPU
		{5EA94E50-D501-49D5-A01C-79836037EC86}.Release|x64.ActiveCfg = Release|Any CPU
		{5EA94E50-D501-49D5-A01C-79836037EC86}.Release|x64.Build.0 = Release|Any CPU
		{5EA94E50-D501-49D5-A01C-79836037EC86}.Release|x86.ActiveCfg = Release|Any CPU
		{5EA94E50-D501-49D5-A01C-79836037EC86}.Release|x86.Build.0 = Release|Any CPU
		{DEF6678C-BE2D-4962-826F-AC27F39AA6CD}.Debug|Any CPU.ActiveCfg = Debug|Any CPU
		{DEF6678C-BE2D-4962-826F-AC27F39AA6CD}.Debug|Any CPU.Build.0 = Debug|Any CPU
		{DEF6678C-BE2D-4962-826F-AC27F39AA6CD}.Debug|ARM.ActiveCfg = Debug|Any CPU
		{DEF6678C-BE2D-4962-826F-AC27F39AA6CD}.Debug|ARM.Build.0 = Debug|Any CPU
		{DEF6678C-BE2D-4962-826F-AC27F39AA6CD}.Debug|x64.ActiveCfg = Debug|Any CPU
		{DEF6678C-BE2D-4962-826F-AC27F39AA6CD}.Debug|x64.Build.0 = Debug|Any CPU
		{DEF6678C-BE2D-4962-826F-AC27F39AA6CD}.Debug|x86.ActiveCfg = Debug|Any CPU
		{DEF6678C-BE2D-4962-826F-AC27F39AA6CD}.Debug|x86.Build.0 = Debug|Any CPU
		{DEF6678C-BE2D-4962-826F-AC27F39AA6CD}.Release|Any CPU.ActiveCfg = Release|Any CPU
		{DEF6678C-BE2D-4962-826F-AC27F39AA6CD}.Release|Any CPU.Build.0 = Release|Any CPU
		{DEF6678C-BE2D-4962-826F-AC27F39AA6CD}.Release|ARM.ActiveCfg = Release|Any CPU
		{DEF6678C-BE2D-4962-826F-AC27F39AA6CD}.Release|ARM.Build.0 = Release|Any CPU
		{DEF6678C-BE2D-4962-826F-AC27F39AA6CD}.Release|x64.ActiveCfg = Release|Any CPU
		{DEF6678C-BE2D-4962-826F-AC27F39AA6CD}.Release|x64.Build.0 = Release|Any CPU
		{DEF6678C-BE2D-4962-826F-AC27F39AA6CD}.Release|x86.ActiveCfg = Release|Any CPU
		{DEF6678C-BE2D-4962-826F-AC27F39AA6CD}.Release|x86.Build.0 = Release|Any CPU
		{1DA108F4-92CD-4309-84C9-AF550DF056E6}.Debug|Any CPU.ActiveCfg = Debug|Any CPU
		{1DA108F4-92CD-4309-84C9-AF550DF056E6}.Debug|Any CPU.Build.0 = Debug|Any CPU
		{1DA108F4-92CD-4309-84C9-AF550DF056E6}.Debug|ARM.ActiveCfg = Debug|Any CPU
		{1DA108F4-92CD-4309-84C9-AF550DF056E6}.Debug|ARM.Build.0 = Debug|Any CPU
		{1DA108F4-92CD-4309-84C9-AF550DF056E6}.Debug|x64.ActiveCfg = Debug|Any CPU
		{1DA108F4-92CD-4309-84C9-AF550DF056E6}.Debug|x64.Build.0 = Debug|Any CPU
		{1DA108F4-92CD-4309-84C9-AF550DF056E6}.Debug|x86.ActiveCfg = Debug|Any CPU
		{1DA108F4-92CD-4309-84C9-AF550DF056E6}.Debug|x86.Build.0 = Debug|Any CPU
		{1DA108F4-92CD-4309-84C9-AF550DF056E6}.Release|Any CPU.ActiveCfg = Release|Any CPU
		{1DA108F4-92CD-4309-84C9-AF550DF056E6}.Release|Any CPU.Build.0 = Release|Any CPU
		{1DA108F4-92CD-4309-84C9-AF550DF056E6}.Release|ARM.ActiveCfg = Release|Any CPU
		{1DA108F4-92CD-4309-84C9-AF550DF056E6}.Release|ARM.Build.0 = Release|Any CPU
		{1DA108F4-92CD-4309-84C9-AF550DF056E6}.Release|x64.ActiveCfg = Release|Any CPU
		{1DA108F4-92CD-4309-84C9-AF550DF056E6}.Release|x64.Build.0 = Release|Any CPU
		{1DA108F4-92CD-4309-84C9-AF550DF056E6}.Release|x86.ActiveCfg = Release|Any CPU
		{1DA108F4-92CD-4309-84C9-AF550DF056E6}.Release|x86.Build.0 = Release|Any CPU
		{490EA22A-F8D3-4BAE-BD82-F099DB90E557}.Debug|Any CPU.ActiveCfg = Debug|Any CPU
		{490EA22A-F8D3-4BAE-BD82-F099DB90E557}.Debug|Any CPU.Build.0 = Debug|Any CPU
		{490EA22A-F8D3-4BAE-BD82-F099DB90E557}.Debug|ARM.ActiveCfg = Debug|Any CPU
		{490EA22A-F8D3-4BAE-BD82-F099DB90E557}.Debug|ARM.Build.0 = Debug|Any CPU
		{490EA22A-F8D3-4BAE-BD82-F099DB90E557}.Debug|x64.ActiveCfg = Debug|Any CPU
		{490EA22A-F8D3-4BAE-BD82-F099DB90E557}.Debug|x64.Build.0 = Debug|Any CPU
		{490EA22A-F8D3-4BAE-BD82-F099DB90E557}.Debug|x86.ActiveCfg = Debug|Any CPU
		{490EA22A-F8D3-4BAE-BD82-F099DB90E557}.Debug|x86.Build.0 = Debug|Any CPU
		{490EA22A-F8D3-4BAE-BD82-F099DB90E557}.Release|Any CPU.ActiveCfg = Release|Any CPU
		{490EA22A-F8D3-4BAE-BD82-F099DB90E557}.Release|Any CPU.Build.0 = Release|Any CPU
		{490EA22A-F8D3-4BAE-BD82-F099DB90E557}.Release|ARM.ActiveCfg = Release|Any CPU
		{490EA22A-F8D3-4BAE-BD82-F099DB90E557}.Release|ARM.Build.0 = Release|Any CPU
		{490EA22A-F8D3-4BAE-BD82-F099DB90E557}.Release|x64.ActiveCfg = Release|Any CPU
		{490EA22A-F8D3-4BAE-BD82-F099DB90E557}.Release|x64.Build.0 = Release|Any CPU
		{490EA22A-F8D3-4BAE-BD82-F099DB90E557}.Release|x86.ActiveCfg = Release|Any CPU
		{490EA22A-F8D3-4BAE-BD82-F099DB90E557}.Release|x86.Build.0 = Release|Any CPU
		{2883F50A-D2B5-4D12-8B16-B7ECE4E7D562}.Debug|Any CPU.ActiveCfg = Debug|Any CPU
		{2883F50A-D2B5-4D12-8B16-B7ECE4E7D562}.Debug|Any CPU.Build.0 = Debug|Any CPU
		{2883F50A-D2B5-4D12-8B16-B7ECE4E7D562}.Debug|ARM.ActiveCfg = Debug|Any CPU
		{2883F50A-D2B5-4D12-8B16-B7ECE4E7D562}.Debug|ARM.Build.0 = Debug|Any CPU
		{2883F50A-D2B5-4D12-8B16-B7ECE4E7D562}.Debug|x64.ActiveCfg = Debug|Any CPU
		{2883F50A-D2B5-4D12-8B16-B7ECE4E7D562}.Debug|x64.Build.0 = Debug|Any CPU
		{2883F50A-D2B5-4D12-8B16-B7ECE4E7D562}.Debug|x86.ActiveCfg = Debug|Any CPU
		{2883F50A-D2B5-4D12-8B16-B7ECE4E7D562}.Debug|x86.Build.0 = Debug|Any CPU
		{2883F50A-D2B5-4D12-8B16-B7ECE4E7D562}.Release|Any CPU.ActiveCfg = Release|Any CPU
		{2883F50A-D2B5-4D12-8B16-B7ECE4E7D562}.Release|Any CPU.Build.0 = Release|Any CPU
		{2883F50A-D2B5-4D12-8B16-B7ECE4E7D562}.Release|ARM.ActiveCfg = Release|Any CPU
		{2883F50A-D2B5-4D12-8B16-B7ECE4E7D562}.Release|ARM.Build.0 = Release|Any CPU
		{2883F50A-D2B5-4D12-8B16-B7ECE4E7D562}.Release|x64.ActiveCfg = Release|Any CPU
		{2883F50A-D2B5-4D12-8B16-B7ECE4E7D562}.Release|x64.Build.0 = Release|Any CPU
		{2883F50A-D2B5-4D12-8B16-B7ECE4E7D562}.Release|x86.ActiveCfg = Release|Any CPU
		{2883F50A-D2B5-4D12-8B16-B7ECE4E7D562}.Release|x86.Build.0 = Release|Any CPU
		{84F01228-B59B-4AB6-A699-9FAD66D90951}.Debug|Any CPU.ActiveCfg = Debug|Any CPU
		{84F01228-B59B-4AB6-A699-9FAD66D90951}.Debug|Any CPU.Build.0 = Debug|Any CPU
		{84F01228-B59B-4AB6-A699-9FAD66D90951}.Debug|ARM.ActiveCfg = Debug|Any CPU
		{84F01228-B59B-4AB6-A699-9FAD66D90951}.Debug|ARM.Build.0 = Debug|Any CPU
		{84F01228-B59B-4AB6-A699-9FAD66D90951}.Debug|x64.ActiveCfg = Debug|Any CPU
		{84F01228-B59B-4AB6-A699-9FAD66D90951}.Debug|x64.Build.0 = Debug|Any CPU
		{84F01228-B59B-4AB6-A699-9FAD66D90951}.Debug|x86.ActiveCfg = Debug|Any CPU
		{84F01228-B59B-4AB6-A699-9FAD66D90951}.Debug|x86.Build.0 = Debug|Any CPU
		{84F01228-B59B-4AB6-A699-9FAD66D90951}.Release|Any CPU.ActiveCfg = Release|Any CPU
		{84F01228-B59B-4AB6-A699-9FAD66D90951}.Release|Any CPU.Build.0 = Release|Any CPU
		{84F01228-B59B-4AB6-A699-9FAD66D90951}.Release|ARM.ActiveCfg = Release|Any CPU
		{84F01228-B59B-4AB6-A699-9FAD66D90951}.Release|ARM.Build.0 = Release|Any CPU
		{84F01228-B59B-4AB6-A699-9FAD66D90951}.Release|x64.ActiveCfg = Release|Any CPU
		{84F01228-B59B-4AB6-A699-9FAD66D90951}.Release|x64.Build.0 = Release|Any CPU
		{84F01228-B59B-4AB6-A699-9FAD66D90951}.Release|x86.ActiveCfg = Release|Any CPU
		{84F01228-B59B-4AB6-A699-9FAD66D90951}.Release|x86.Build.0 = Release|Any CPU
	EndGlobalSection
	GlobalSection(SolutionProperties) = preSolution
		HideSolutionNode = FALSE
	EndGlobalSection
	GlobalSection(NestedProjects) = preSolution
		{62C95D93-1E97-41BF-954D-A3F22DC6C661} = {2DE5F77F-C30E-4EA1-8ED7-F66B85071BCF}
		{00A4A812-873D-499A-AEDC-ED96FA3FB9E6} = {2985437A-F7EF-4113-ACC2-91346A4F65CF}
		{E4CBEA8E-3547-4814-BF0B-5174B8A8487F} = {2985437A-F7EF-4113-ACC2-91346A4F65CF}
		{DEF6678C-BE2D-4962-826F-AC27F39AA6CD} = {2985437A-F7EF-4113-ACC2-91346A4F65CF}
		{1DA108F4-92CD-4309-84C9-AF550DF056E6} = {EAD448DC-3B01-425B-862C-05D3B30FDDD1}
		{490EA22A-F8D3-4BAE-BD82-F099DB90E557} = {EAD448DC-3B01-425B-862C-05D3B30FDDD1}
		{2883F50A-D2B5-4D12-8B16-B7ECE4E7D562} = {EAD448DC-3B01-425B-862C-05D3B30FDDD1}
		{84F01228-B59B-4AB6-A699-9FAD66D90951} = {2DE5F77F-C30E-4EA1-8ED7-F66B85071BCF}
	EndGlobalSection
	GlobalSection(ExtensibilityGlobals) = postSolution
		SolutionGuid = {47AFE086-6E97-402A-B3C6-71069A30F0F3}
	EndGlobalSection
EndGlobal
